
Microsoft Visual Studio Solution File, Format Version 12.00
# Visual Studio Version 17
VisualStudioVersion = 17.4.32916.344
MinimumVisualStudioVersion = 10.0.40219.1
Project("{9A19103F-16F7-4668-BE54-9A1E7A4F7556}") = "DesignPatterns.BuilderPattern", "DesignPatterns.BuilderPattern\DesignPatterns.BuilderPattern.csproj", "{95535249-4F89-44E9-B9F8-703E9D713268}"
EndProject
Project("{9A19103F-16F7-4668-BE54-9A1E7A4F7556}") = "DesignPatterns.DecoratorPattern", "DesignPatterns.DecoratorPattern\DesignPatterns.DecoratorPattern.csproj", "{22111CFF-DA7A-43AE-8F92-DD4B4D7595EA}"
EndProject
Project("{9A19103F-16F7-4668-BE54-9A1E7A4F7556}") = "DesignPatterns.SingletonPattern", "DesignPatterns.SingletonPattern\DesignPatterns.SingletonPattern.csproj", "{36C30436-5D12-4124-AF45-5E73AA4DD6D4}"
EndProject
Project("{9A19103F-16F7-4668-BE54-9A1E7A4F7556}") = "DesignPatterns.AdapterPattern", "DesignPatterns.AdapterPattern\DesignPatterns.AdapterPattern.csproj", "{5700728C-A6F3-45AF-8285-F2B1AFB8BE16}"
EndProject
Project("{9A19103F-16F7-4668-BE54-9A1E7A4F7556}") = "DesignPatterns.StrategyPattern", "DesignPatterns.StrategyPattern\DesignPatterns.StrategyPattern.csproj", "{E9AADBE4-2CDE-4AB1-80CA-AC99EFEB114D}"
EndProject
Project("{9A19103F-16F7-4668-BE54-9A1E7A4F7556}") = "DesignPatterns.ObserverPattern", "DesignPatterns.ObserverPattern\DesignPatterns.ObserverPattern.csproj", "{BDE0E0F1-00E6-4935-91B9-254698CA0265}"
EndProject
Project("{9A19103F-16F7-4668-BE54-9A1E7A4F7556}") = "DesignPatterns.ProxyPattern", "DesignPatterns.ProxyPattern\DesignPatterns.ProxyPattern.csproj", "{12C45E5C-F0D0-4DF5-9DE4-1EB8CAD4BF29}"
EndProject
Project("{9A19103F-16F7-4668-BE54-9A1E7A4F7556}") = "DesignPatterns.FactoryMethodPattern", "DesignPatterns.FactoryMethodPattern\DesignPatterns.FactoryMethodPattern.csproj", "{26789EBB-B7EB-47E9-BF04-03E12508A10C}"
EndProject
Project("{9A19103F-16F7-4668-BE54-9A1E7A4F7556}") = "DesignPatterns.ChainOfResponsibilityPattern", "DesignPatterns.ChainOfResponbilityPattern\DesignPatterns.ChainOfResponsibilityPattern.csproj", "{70623B4A-A4F9-48E0-BFB2-E17853E588CD}"
EndProject
Project("{FAE04EC0-301F-11D3-BF4B-00C04F79EFBC}") = "DesignPatterns.StatePattern", "DesignPatterns.StatePattern\DesignPatterns.StatePattern.csproj", "{7F2C62E0-BB38-4D0B-9023-FB07A2B7DC67}"
EndProject
Global
	GlobalSection(SolutionConfigurationPlatforms) = preSolution
		Debug|Any CPU = Debug|Any CPU
		Release|Any CPU = Release|Any CPU
	EndGlobalSection
	GlobalSection(ProjectConfigurationPlatforms) = postSolution
		{95535249-4F89-44E9-B9F8-703E9D713268}.Debug|Any CPU.ActiveCfg = Debug|Any CPU
		{95535249-4F89-44E9-B9F8-703E9D713268}.Debug|Any CPU.Build.0 = Debug|Any CPU
		{95535249-4F89-44E9-B9F8-703E9D713268}.Release|Any CPU.ActiveCfg = Release|Any CPU
		{95535249-4F89-44E9-B9F8-703E9D713268}.Release|Any CPU.Build.0 = Release|Any CPU
		{22111CFF-DA7A-43AE-8F92-DD4B4D7595EA}.Debug|Any CPU.ActiveCfg = Debug|Any CPU
		{22111CFF-DA7A-43AE-8F92-DD4B4D7595EA}.Debug|Any CPU.Build.0 = Debug|Any CPU
		{22111CFF-DA7A-43AE-8F92-DD4B4D7595EA}.Release|Any CPU.ActiveCfg = Release|Any CPU
		{22111CFF-DA7A-43AE-8F92-DD4B4D7595EA}.Release|Any CPU.Build.0 = Release|Any CPU
		{36C30436-5D12-4124-AF45-5E73AA4DD6D4}.Debug|Any CPU.ActiveCfg = Debug|Any CPU
		{36C30436-5D12-4124-AF45-5E73AA4DD6D4}.Debug|Any CPU.Build.0 = Debug|Any CPU
		{36C30436-5D12-4124-AF45-5E73AA4DD6D4}.Release|Any CPU.ActiveCfg = Release|Any CPU
		{36C30436-5D12-4124-AF45-5E73AA4DD6D4}.Release|Any CPU.Build.0 = Release|Any CPU
		{5700728C-A6F3-45AF-8285-F2B1AFB8BE16}.Debug|Any CPU.ActiveCfg = Debug|Any CPU
		{5700728C-A6F3-45AF-8285-F2B1AFB8BE16}.Debug|Any CPU.Build.0 = Debug|Any CPU
		{5700728C-A6F3-45AF-8285-F2B1AFB8BE16}.Release|Any CPU.ActiveCfg = Release|Any CPU
		{5700728C-A6F3-45AF-8285-F2B1AFB8BE16}.Release|Any CPU.Build.0 = Release|Any CPU
		{E9AADBE4-2CDE-4AB1-80CA-AC99EFEB114D}.Debug|Any CPU.ActiveCfg = Debug|Any CPU
		{E9AADBE4-2CDE-4AB1-80CA-AC99EFEB114D}.Debug|Any CPU.Build.0 = Debug|Any CPU
		{E9AADBE4-2CDE-4AB1-80CA-AC99EFEB114D}.Release|Any CPU.ActiveCfg = Release|Any CPU
		{E9AADBE4-2CDE-4AB1-80CA-AC99EFEB114D}.Release|Any CPU.Build.0 = Release|Any CPU
		{BDE0E0F1-00E6-4935-91B9-254698CA0265}.Debug|Any CPU.ActiveCfg = Debug|Any CPU
		{BDE0E0F1-00E6-4935-91B9-254698CA0265}.Debug|Any CPU.Build.0 = Debug|Any CPU
		{BDE0E0F1-00E6-4935-91B9-254698CA0265}.Release|Any CPU.ActiveCfg = Release|Any CPU
		{BDE0E0F1-00E6-4935-91B9-254698CA0265}.Release|Any CPU.Build.0 = Release|Any CPU
		{12C45E5C-F0D0-4DF5-9DE4-1EB8CAD4BF29}.Debug|Any CPU.ActiveCfg = Debug|Any CPU
		{12C45E5C-F0D0-4DF5-9DE4-1EB8CAD4BF29}.Debug|Any CPU.Build.0 = Debug|Any CPU
		{12C45E5C-F0D0-4DF5-9DE4-1EB8CAD4BF29}.Release|Any CPU.ActiveCfg = Release|Any CPU
		{12C45E5C-F0D0-4DF5-9DE4-1EB8CAD4BF29}.Release|Any CPU.Build.0 = Release|Any CPU
		{26789EBB-B7EB-47E9-BF04-03E12508A10C}.Debug|Any CPU.ActiveCfg = Debug|Any CPU
		{26789EBB-B7EB-47E9-BF04-03E12508A10C}.Debug|Any CPU.Build.0 = Debug|Any CPU
		{26789EBB-B7EB-47E9-BF04-03E12508A10C}.Release|Any CPU.ActiveCfg = Release|Any CPU
		{26789EBB-B7EB-47E9-BF04-03E12508A10C}.Release|Any CPU.Build.0 = Release|Any CPU
		{70623B4A-A4F9-48E0-BFB2-E17853E588CD}.Debug|Any CPU.ActiveCfg = Debug|Any CPU
		{70623B4A-A4F9-48E0-BFB2-E17853E588CD}.Debug|Any CPU.Build.0 = Debug|Any CPU
		{70623B4A-A4F9-48E0-BFB2-E17853E588CD}.Release|Any CPU.ActiveCfg = Release|Any CPU
		{70623B4A-A4F9-48E0-BFB2-E17853E588CD}.Release|Any CPU.Build.0 = Release|Any CPU
		{7F2C62E0-BB38-4D0B-9023-FB07A2B7DC67}.Debug|Any CPU.ActiveCfg = Debug|Any CPU
		{7F2C62E0-BB38-4D0B-9023-FB07A2B7DC67}.Debug|Any CPU.Build.0 = Debug|Any CPU
		{7F2C62E0-BB38-4D0B-9023-FB07A2B7DC67}.Release|Any CPU.ActiveCfg = Release|Any CPU
		{7F2C62E0-BB38-4D0B-9023-FB07A2B7DC67}.Release|Any CPU.Build.0 = Release|Any CPU
	EndGlobalSection
	GlobalSection(SolutionProperties) = preSolution
		HideSolutionNode = FALSE
	EndGlobalSection
	GlobalSection(ExtensibilityGlobals) = postSolution
		SolutionGuid = {BF36AAF3-C0D8-4F78-B29F-05D978EE7EC4}
	EndGlobalSection
EndGlobal
